
Microsoft Visual Studio Solution File, Format Version 12.00
# Visual Studio 15
VisualStudioVersion = 15.0.25807.0
MinimumVisualStudioVersion = 10.0.40219.1
Project("{2150E333-8FDC-42A3-9474-1A3956D46DE8}") = "Engine", "Engine", "{C0CED0F7-4D2B-409E-974E-8411F41E5F7B}"
EndProject
Project("{2150E333-8FDC-42A3-9474-1A3956D46DE8}") = "Games", "Games", "{AD38A4B9-0A6F-46B7-95EA-23762F442D02}"
EndProject
Project("{8BC9CEB8-8B4A-11D0-8D11-00A0C91BC942}") = "UE4", "Intermediate\ProjectFiles\UE4.vcxproj", "{AF6A67DD-CBFF-44E8-8802-07E1630EC582}"
EndProject
Project("{8BC9CEB8-8B4A-11D0-8D11-00A0C91BC942}") = "t_p_ue4", "Intermediate\ProjectFiles\t_p_ue4.vcxproj", "{F48A02CA-2E7B-46A9-8786-7A63BE285A84}"
EndProject
Global
	GlobalSection(SolutionConfigurationPlatforms) = preSolution
		DebugGame Editor|HTML5 = DebugGame Editor|HTML5
		DebugGame Editor|Win32 = DebugGame Editor|Win32
		DebugGame Editor|Win64 = DebugGame Editor|Win64
		DebugGame|HTML5 = DebugGame|HTML5
		DebugGame|Win32 = DebugGame|Win32
		DebugGame|Win64 = DebugGame|Win64
		Development Editor|HTML5 = Development Editor|HTML5
		Development Editor|Win32 = Development Editor|Win32
		Development Editor|Win64 = Development Editor|Win64
		Development|HTML5 = Development|HTML5
		Development|Win32 = Development|Win32
		Development|Win64 = Development|Win64
		Shipping|HTML5 = Shipping|HTML5
		Shipping|Win32 = Shipping|Win32
		Shipping|Win64 = Shipping|Win64
	EndGlobalSection
	GlobalSection(ProjectConfigurationPlatforms) = postSolution
		{AF6A67DD-CBFF-44E8-8802-07E1630EC582}.DebugGame Editor|HTML5.ActiveCfg = BuiltWithUnrealBuildTool|Win32
		{AF6A67DD-CBFF-44E8-8802-07E1630EC582}.DebugGame Editor|HTML5.Build.0 = BuiltWithUnrealBuildTool|Win32
		{AF6A67DD-CBFF-44E8-8802-07E1630EC582}.DebugGame Editor|Win32.ActiveCfg = BuiltWithUnrealBuildTool|Win32
		{AF6A67DD-CBFF-44E8-8802-07E1630EC582}.DebugGame Editor|Win32.Build.0 = BuiltWithUnrealBuildTool|Win32
		{AF6A67DD-CBFF-44E8-8802-07E1630EC582}.DebugGame Editor|Win64.ActiveCfg = BuiltWithUnrealBuildTool|Win32
		{AF6A67DD-CBFF-44E8-8802-07E1630EC582}.DebugGame Editor|Win64.Build.0 = BuiltWithUnrealBuildTool|Win32
		{AF6A67DD-CBFF-44E8-8802-07E1630EC582}.DebugGame|HTML5.ActiveCfg = BuiltWithUnrealBuildTool|Win32
		{AF6A67DD-CBFF-44E8-8802-07E1630EC582}.DebugGame|HTML5.Build.0 = BuiltWithUnrealBuildTool|Win32
		{AF6A67DD-CBFF-44E8-8802-07E1630EC582}.DebugGame|Win32.ActiveCfg = BuiltWithUnrealBuildTool|Win32
		{AF6A67DD-CBFF-44E8-8802-07E1630EC582}.DebugGame|Win32.Build.0 = BuiltWithUnrealBuildTool|Win32
		{AF6A67DD-CBFF-44E8-8802-07E1630EC582}.DebugGame|Win64.ActiveCfg = BuiltWithUnrealBuildTool|Win32
		{AF6A67DD-CBFF-44E8-8802-07E1630EC582}.DebugGame|Win64.Build.0 = BuiltWithUnrealBuildTool|Win32
		{AF6A67DD-CBFF-44E8-8802-07E1630EC582}.Development Editor|HTML5.ActiveCfg = BuiltWithUnrealBuildTool|Win32
		{AF6A67DD-CBFF-44E8-8802-07E1630EC582}.Development Editor|HTML5.Build.0 = BuiltWithUnrealBuildTool|Win32
		{AF6A67DD-CBFF-44E8-8802-07E1630EC582}.Development Editor|Win32.ActiveCfg = BuiltWithUnrealBuildTool|Win32
		{AF6A67DD-CBFF-44E8-8802-07E1630EC582}.Development Editor|Win32.Build.0 = BuiltWithUnrealBuildTool|Win32
		{AF6A67DD-CBFF-44E8-8802-07E1630EC582}.Development Editor|Win64.ActiveCfg = BuiltWithUnrealBuildTool|Win32
		{AF6A67DD-CBFF-44E8-8802-07E1630EC582}.Development Editor|Win64.Build.0 = BuiltWithUnrealBuildTool|Win32
		{AF6A67DD-CBFF-44E8-8802-07E1630EC582}.Development|HTML5.ActiveCfg = BuiltWithUnrealBuildTool|Win32
		{AF6A67DD-CBFF-44E8-8802-07E1630EC582}.Development|HTML5.Build.0 = BuiltWithUnrealBuildTool|Win32
		{AF6A67DD-CBFF-44E8-8802-07E1630EC582}.Development|Win32.ActiveCfg = BuiltWithUnrealBuildTool|Win32
		{AF6A67DD-CBFF-44E8-8802-07E1630EC582}.Development|Win32.Build.0 = BuiltWithUnrealBuildTool|Win32
		{AF6A67DD-CBFF-44E8-8802-07E1630EC582}.Development|Win64.ActiveCfg = BuiltWithUnrealBuildTool|Win32
		{AF6A67DD-CBFF-44E8-8802-07E1630EC582}.Development|Win64.Build.0 = BuiltWithUnrealBuildTool|Win32
		{AF6A67DD-CBFF-44E8-8802-07E1630EC582}.Shipping|HTML5.ActiveCfg = BuiltWithUnrealBuildTool|Win32
		{AF6A67DD-CBFF-44E8-8802-07E1630EC582}.Shipping|HTML5.Build.0 = BuiltWithUnrealBuildTool|Win32
		{AF6A67DD-CBFF-44E8-8802-07E1630EC582}.Shipping|Win32.ActiveCfg = BuiltWithUnrealBuildTool|Win32
		{AF6A67DD-CBFF-44E8-8802-07E1630EC582}.Shipping|Win32.Build.0 = BuiltWithUnrealBuildTool|Win32
		{AF6A67DD-CBFF-44E8-8802-07E1630EC582}.Shipping|Win64.ActiveCfg = BuiltWithUnrealBuildTool|Win32
		{AF6A67DD-CBFF-44E8-8802-07E1630EC582}.Shipping|Win64.Build.0 = BuiltWithUnrealBuildTool|Win32
		{F48A02CA-2E7B-46A9-8786-7A63BE285A84}.DebugGame Editor|HTML5.ActiveCfg = HTML5_DebugGame_Editor|Win32
		{F48A02CA-2E7B-46A9-8786-7A63BE285A84}.DebugGame Editor|Win32.ActiveCfg = DebugGame_Editor|Win32
		{F48A02CA-2E7B-46A9-8786-7A63BE285A84}.DebugGame Editor|Win64.ActiveCfg = DebugGame_Editor|x64
		{F48A02CA-2E7B-46A9-8786-7A63BE285A84}.DebugGame Editor|Win64.Build.0 = DebugGame_Editor|x64
		{F48A02CA-2E7B-46A9-8786-7A63BE285A84}.DebugGame|HTML5.ActiveCfg = HTML5_DebugGame_Game|Win32
		{F48A02CA-2E7B-46A9-8786-7A63BE285A84}.DebugGame|HTML5.Build.0 = HTML5_DebugGame_Game|Win32
		{F48A02CA-2E7B-46A9-8786-7A63BE285A84}.DebugGame|Win32.ActiveCfg = DebugGame_Game|Win32
		{F48A02CA-2E7B-46A9-8786-7A63BE285A84}.DebugGame|Win32.Build.0 = DebugGame_Game|Win32
		{F48A02CA-2E7B-46A9-8786-7A63BE285A84}.DebugGame|Win64.ActiveCfg = DebugGame_Game|x64
		{F48A02CA-2E7B-46A9-8786-7A63BE285A84}.DebugGame|Win64.Build.0 = DebugGame_Game|x64
		{F48A02CA-2E7B-46A9-8786-7A63BE285A84}.Development Editor|HTML5.ActiveCfg = HTML5_Development_Editor|Win32
		{F48A02CA-2E7B-46A9-8786-7A63BE285A84}.Development Editor|Win32.ActiveCfg = Development_Editor|Win32
		{F48A02CA-2E7B-46A9-8786-7A63BE285A84}.Development Editor|Win64.ActiveCfg = Development_Editor|x64
		{F48A02CA-2E7B-46A9-8786-7A63BE285A84}.Development Editor|Win64.Build.0 = Development_Editor|x64
		{F48A02CA-2E7B-46A9-8786-7A63BE285A84}.Development|HTML5.ActiveCfg = HTML5_Development_Game|Win32
		{F48A02CA-2E7B-46A9-8786-7A63BE285A84}.Development|HTML5.Build.0 = HTML5_Development_Game|Win32
		{F48A02CA-2E7B-46A9-8786-7A63BE285A84}.Development|Win32.ActiveCfg = Development_Game|Win32
		{F48A02CA-2E7B-46A9-8786-7A63BE285A84}.Development|Win32.Build.0 = Development_Game|Win32
		{F48A02CA-2E7B-46A9-8786-7A63BE285A84}.Development|Win64.ActiveCfg = Development_Game|x64
		{F48A02CA-2E7B-46A9-8786-7A63BE285A84}.Development|Win64.Build.0 = Development_Game|x64
		{F48A02CA-2E7B-46A9-8786-7A63BE285A84}.Shipping|HTML5.ActiveCfg = HTML5_Shipping_Game|Win32
		{F48A02CA-2E7B-46A9-8786-7A63BE285A84}.Shipping|HTML5.Build.0 = HTML5_Shipping_Game|Win32
		{F48A02CA-2E7B-46A9-8786-7A63BE285A84}.Shipping|Win32.ActiveCfg = Shipping_Game|Win32
		{F48A02CA-2E7B-46A9-8786-7A63BE285A84}.Shipping|Win32.Build.0 = Shipping_Game|Win32
		{F48A02CA-2E7B-46A9-8786-7A63BE285A84}.Shipping|Win64.ActiveCfg = Shipping_Game|x64
		{F48A02CA-2E7B-46A9-8786-7A63BE285A84}.Shipping|Win64.Build.0 = Shipping_Game|x64
	EndGlobalSection
	GlobalSection(SolutionProperties) = preSolution
		HideSolutionNode = FALSE
	EndGlobalSection
	GlobalSection(NestedProjects) = preSolution
		{AF6A67DD-CBFF-44E8-8802-07E1630EC582} = {C0CED0F7-4D2B-409E-974E-8411F41E5F7B}
		{F48A02CA-2E7B-46A9-8786-7A63BE285A84} = {AD38A4B9-0A6F-46B7-95EA-23762F442D02}
	EndGlobalSection
	GlobalSection(ExtensibilityGlobals) = postSolution
		SolutionGuid = {93C8AD19-A4A0-4BFD-81FF-6C0280E5DCBA}
	EndGlobalSection
EndGlobal
